
Microsoft Visual Studio Solution File, Format Version 12.00
# Visual Studio Version 16
VisualStudioVersion = 16.0.30114.105
MinimumVisualStudioVersion = 10.0.40219.1
Project("{FAE04EC0-301F-11D3-BF4B-00C04F79EFBC}") = "API", "API\API.csproj", "{68DF8996-BEAD-48C7-BD44-EBC09F984E14}"
EndProject
Project("{FAE04EC0-301F-11D3-BF4B-00C04F79EFBC}") = "Core", "Core\Core.csproj", "{ED83D1CC-7EFA-4529-ABE5-38FDC873A8BE}"
EndProject
Project("{FAE04EC0-301F-11D3-BF4B-00C04F79EFBC}") = "Infrastructure", "Infrastructure\Infrastructure.csproj", "{75ABBAC4-DBF0-4B78-91B5-ABDF088A9BB6}"
EndProject
Global
	GlobalSection(SolutionConfigurationPlatforms) = preSolution
		Debug|Any CPU = Debug|Any CPU
		Release|Any CPU = Release|Any CPU
	EndGlobalSection
	GlobalSection(SolutionProperties) = preSolution
		HideSolutionNode = FALSE
	EndGlobalSection
	GlobalSection(ProjectConfigurationPlatforms) = postSolution
		{68DF8996-BEAD-48C7-BD44-EBC09F984E14}.Debug|Any CPU.ActiveCfg = Debug|Any CPU
		{68DF8996-BEAD-48C7-BD44-EBC09F984E14}.Debug|Any CPU.Build.0 = Debug|Any CPU
		{68DF8996-BEAD-48C7-BD44-EBC09F984E14}.Release|Any CPU.ActiveCfg = Release|Any CPU
		{68DF8996-BEAD-48C7-BD44-EBC09F984E14}.Release|Any CPU.Build.0 = Release|Any CPU
		{ED83D1CC-7EFA-4529-ABE5-38FDC873A8BE}.Debug|Any CPU.ActiveCfg = Debug|Any CPU
		{ED83D1CC-7EFA-4529-ABE5-38FDC873A8BE}.Debug|Any CPU.Build.0 = Debug|Any CPU
		{ED83D1CC-7EFA-4529-ABE5-38FDC873A8BE}.Release|Any CPU.ActiveCfg = Release|Any CPU
		{ED83D1CC-7EFA-4529-ABE5-38FDC873A8BE}.Release|Any CPU.Build.0 = Release|Any CPU
		{75ABBAC4-DBF0-4B78-91B5-ABDF088A9BB6}.Debug|Any CPU.ActiveCfg = Debug|Any CPU
		{75ABBAC4-DBF0-4B78-91B5-ABDF088A9BB6}.Debug|Any CPU.Build.0 = Debug|Any CPU
		{75ABBAC4-DBF0-4B78-91B5-ABDF088A9BB6}.Release|Any CPU.ActiveCfg = Release|Any CPU
		{75ABBAC4-DBF0-4B78-91B5-ABDF088A9BB6}.Release|Any CPU.Build.0 = Release|Any CPU
	EndGlobalSection
EndGlobal
